
Microsoft Visual Studio Solution File, Format Version 12.00
# Visual Studio Version 17
VisualStudioVersion = 17.3.32901.215
MinimumVisualStudioVersion = 10.0.40219.1
Project("{FAE04EC0-301F-11D3-BF4B-00C04F79EFBC}") = "pr 19", "pr 19.csproj", "{EFCE6564-8825-45B2-8863-11A5D4D56324}"
EndProject
Global
	GlobalSection(SolutionConfigurationPlatforms) = preSolution
		Debug|Any CPU = Debug|Any CPU
		Release|Any CPU = Release|Any CPU
	EndGlobalSection
	GlobalSection(ProjectConfigurationPlatforms) = postSolution
		{EFCE6564-8825-45B2-8863-11A5D4D56324}.Debug|Any CPU.ActiveCfg = Debug|Any CPU
		{EFCE6564-8825-45B2-8863-11A5D4D56324}.Debug|Any CPU.Build.0 = Debug|Any CPU
		{EFCE6564-8825-45B2-8863-11A5D4D56324}.Release|Any CPU.ActiveCfg = Release|Any CPU
		{EFCE6564-8825-45B2-8863-11A5D4D56324}.Release|Any CPU.Build.0 = Release|Any CPU
	EndGlobalSection
	GlobalSection(SolutionProperties) = preSolution
		HideSolutionNode = FALSE
	EndGlobalSection
	GlobalSection(ExtensibilityGlobals) = postSolution
		SolutionGuid = {4B1C9C2D-B31F-47A6-BBDD-D6329FDD85C3}
	EndGlobalSection
EndGlobal
